
Microsoft Visual Studio Solution File, Format Version 12.00
# Visual Studio Version 16
VisualStudioVersion = 16.0.31313.79
MinimumVisualStudioVersion = 10.0.40219.1
Project("{FAE04EC0-301F-11D3-BF4B-00C04F79EFBC}") = "2-tb_funcionarios", "2-tb_funcionarios\2-tb_funcionarios.csproj", "{50D918FB-144B-478D-96A0-C446F0D3EC8D}"
EndProject
Global
	GlobalSection(SolutionConfigurationPlatforms) = preSolution
		Debug|Any CPU = Debug|Any CPU
		Release|Any CPU = Release|Any CPU
	EndGlobalSection
	GlobalSection(ProjectConfigurationPlatforms) = postSolution
		{50D918FB-144B-478D-96A0-C446F0D3EC8D}.Debug|Any CPU.ActiveCfg = Debug|Any CPU
		{50D918FB-144B-478D-96A0-C446F0D3EC8D}.Debug|Any CPU.Build.0 = Debug|Any CPU
		{50D918FB-144B-478D-96A0-C446F0D3EC8D}.Release|Any CPU.ActiveCfg = Release|Any CPU
		{50D918FB-144B-478D-96A0-C446F0D3EC8D}.Release|Any CPU.Build.0 = Release|Any CPU
	EndGlobalSection
	GlobalSection(SolutionProperties) = preSolution
		HideSolutionNode = FALSE
	EndGlobalSection
	GlobalSection(ExtensibilityGlobals) = postSolution
		SolutionGuid = {8B08A444-DA7D-466A-813D-FF692A8C2995}
	EndGlobalSection
EndGlobal
